
Microsoft Visual Studio Solution File, Format Version 12.00
# Visual Studio 15
VisualStudioVersion = 15.0.28307.1022
MinimumVisualStudioVersion = 10.0.40219.1
Project("{8BC9CEB8-8B4A-11D0-8D11-00A0C91BC942}") = "xinpian", "xinpian\xinpian.vcxproj", "{41938485-4DCB-4006-9F5D-29F5C720CF64}"
EndProject
Global
	GlobalSection(SolutionConfigurationPlatforms) = preSolution
		Debug|x64 = Debug|x64
		Debug|x86 = Debug|x86
		Release|x64 = Release|x64
		Release|x86 = Release|x86
	EndGlobalSection
	GlobalSection(ProjectConfigurationPlatforms) = postSolution
		{41938485-4DCB-4006-9F5D-29F5C720CF64}.Debug|x64.ActiveCfg = Debug|x64
		{41938485-4DCB-4006-9F5D-29F5C720CF64}.Debug|x64.Build.0 = Debug|x64
		{41938485-4DCB-4006-9F5D-29F5C720CF64}.Debug|x86.ActiveCfg = Debug|Win32
		{41938485-4DCB-4006-9F5D-29F5C720CF64}.Debug|x86.Build.0 = Debug|Win32
		{41938485-4DCB-4006-9F5D-29F5C720CF64}.Release|x64.ActiveCfg = Release|x64
		{41938485-4DCB-4006-9F5D-29F5C720CF64}.Release|x64.Build.0 = Release|x64
		{41938485-4DCB-4006-9F5D-29F5C720CF64}.Release|x86.ActiveCfg = Release|Win32
		{41938485-4DCB-4006-9F5D-29F5C720CF64}.Release|x86.Build.0 = Release|Win32
	EndGlobalSection
	GlobalSection(SolutionProperties) = preSolution
		HideSolutionNode = FALSE
	EndGlobalSection
	GlobalSection(ExtensibilityGlobals) = postSolution
		SolutionGuid = {50146CD5-384B-4153-86D7-3A0284551186}
	EndGlobalSection
EndGlobal
